// !$*UTF8*$!
{
	archiveVersion = 1;
	classes = {
	};
	objectVersion = 48;
	objects = {

/* Begin PBXBuildFile section */
		09695051205A2D4600ACC9D8 /* GoalCell.swift in Sources */ = {isa = PBXBuildFile; fileRef = 09695050205A2D4600ACC9D8 /* GoalCell.swift */; };
		09695053205C671900ACC9D8 /* GoalType.swift in Sources */ = {isa = PBXBuildFile; fileRef = 09695052205C671900ACC9D8 /* GoalType.swift */; };
		0991988420578F3100DDEB68 /* AppDelegate.swift in Sources */ = {isa = PBXBuildFile; fileRef = 0991988320578F3100DDEB68 /* AppDelegate.swift */; };
		0991988620578F3100DDEB68 /* GoalsVC.swift in Sources */ = {isa = PBXBuildFile; fileRef = 0991988520578F3100DDEB68 /* GoalsVC.swift */; };
		0991988920578F3100DDEB68 /* Main.storyboard in Resources */ = {isa = PBXBuildFile; fileRef = 0991988720578F3100DDEB68 /* Main.storyboard */; };
		0991988C20578F3100DDEB68 /* Goal_Posting.xcdatamodeld in Sources */ = {isa = PBXBuildFile; fileRef = 0991988A20578F3100DDEB68 /* Goal_Posting.xcdatamodeld */; };
		0991988E20578F3100DDEB68 /* Assets.xcassets in Resources */ = {isa = PBXBuildFile; fileRef = 0991988D20578F3100DDEB68 /* Assets.xcassets */; };
		0991989120578F3100DDEB68 /* LaunchScreen.storyboard in Resources */ = {isa = PBXBuildFile; fileRef = 0991988F20578F3100DDEB68 /* LaunchScreen.storyboard */; };
/* End PBXBuildFile section */

/* Begin PBXFileReference section */
		09695050205A2D4600ACC9D8 /* GoalCell.swift */ = {isa = PBXFileReference; lastKnownFileType = sourcecode.swift; path = GoalCell.swift; sourceTree = "<group>"; };
		09695052205C671900ACC9D8 /* GoalType.swift */ = {isa = PBXFileReference; lastKnownFileType = sourcecode.swift; path = GoalType.swift; sourceTree = "<group>"; };
		0991988020578F3100DDEB68 /* Goal Posting.app */ = {isa = PBXFileReference; explicitFileType = wrapper.application; includeInIndex = 0; path = "Goal Posting.app"; sourceTree = BUILT_PRODUCTS_DIR; };
		0991988320578F3100DDEB68 /* AppDelegate.swift */ = {isa = PBXFileReference; lastKnownFileType = sourcecode.swift; path = AppDelegate.swift; sourceTree = "<group>"; };
		0991988520578F3100DDEB68 /* GoalsVC.swift */ = {isa = PBXFileReference; lastKnownFileType = sourcecode.swift; path = GoalsVC.swift; sourceTree = "<group>"; };
		0991988820578F3100DDEB68 /* Base */ = {isa = PBXFileReference; lastKnownFileType = file.storyboard; name = Base; path = Base.lproj/Main.storyboard; sourceTree = "<group>"; };
		0991988B20578F3100DDEB68 /* Goal_Posting.xcdatamodel */ = {isa = PBXFileReference; lastKnownFileType = wrapper.xcdatamodel; path = Goal_Posting.xcdatamodel; sourceTree = "<group>"; };
		0991988D20578F3100DDEB68 /* Assets.xcassets */ = {isa = PBXFileReference; lastKnownFileType = folder.assetcatalog; path = Assets.xcassets; sourceTree = "<group>"; };
		0991989020578F3100DDEB68 /* Base */ = {isa = PBXFileReference; lastKnownFileType = file.storyboard; name = Base; path = Base.lproj/LaunchScreen.storyboard; sourceTree = "<group>"; };
		0991989220578F3100DDEB68 /* Info.plist */ = {isa = PBXFileReference; lastKnownFileType = text.plist.xml; path = Info.plist; sourceTree = "<group>"; };
/* End PBXFileReference section */

/* Begin PBXFrameworksBuildPhase section */
		0991987D20578F3100DDEB68 /* Frameworks */ = {
			isa = PBXFrameworksBuildPhase;
			buildActionMask = 2147483647;
			files = (
			);
			runOnlyForDeploymentPostprocessing = 0;
		};
/* End PBXFrameworksBuildPhase section */

/* Begin PBXGroup section */
		0991987720578F3100DDEB68 = {
			isa = PBXGroup;
			children = (
				0991988220578F3100DDEB68 /* Goal Posting */,
				0991988120578F3100DDEB68 /* Products */,
			);
			sourceTree = "<group>";
		};
		0991988120578F3100DDEB68 /* Products */ = {
			isa = PBXGroup;
			children = (
				0991988020578F3100DDEB68 /* Goal Posting.app */,
			);
			name = Products;
			sourceTree = "<group>";
		};
		0991988220578F3100DDEB68 /* Goal Posting */ = {
			isa = PBXGroup;
			children = (
				0991989B2057A5EB00DDEB68 /* Extensions */,
				0991989A2057A5BB00DDEB68 /* Enums */,
				099198992057A5B000DDEB68 /* Views */,
				099198982057A59E00DDEB68 /* Controller */,
				0991988320578F3100DDEB68 /* AppDelegate.swift */,
				0991988720578F3100DDEB68 /* Main.storyboard */,
				0991988D20578F3100DDEB68 /* Assets.xcassets */,
				0991988F20578F3100DDEB68 /* LaunchScreen.storyboard */,
				0991989220578F3100DDEB68 /* Info.plist */,
				0991988A20578F3100DDEB68 /* Goal_Posting.xcdatamodeld */,
			);
			path = "Goal Posting";
			sourceTree = "<group>";
		};
		099198982057A59E00DDEB68 /* Controller */ = {
			isa = PBXGroup;
			children = (
				0991988520578F3100DDEB68 /* GoalsVC.swift */,
			);
			path = Controller;
			sourceTree = "<group>";
		};
		099198992057A5B000DDEB68 /* Views */ = {
			isa = PBXGroup;
			children = (
				09695050205A2D4600ACC9D8 /* GoalCell.swift */,
			);
			path = Views;
			sourceTree = "<group>";
		};
		0991989A2057A5BB00DDEB68 /* Enums */ = {
			isa = PBXGroup;
			children = (
				09695052205C671900ACC9D8 /* GoalType.swift */,
			);
			path = Enums;
			sourceTree = "<group>";
		};
		0991989B2057A5EB00DDEB68 /* Extensions */ = {
			isa = PBXGroup;
			children = (
			);
			path = Extensions;
			sourceTree = "<group>";
		};
/* End PBXGroup section */

/* Begin PBXNativeTarget section */
		0991987F20578F3100DDEB68 /* Goal Posting */ = {
			isa = PBXNativeTarget;
			buildConfigurationList = 0991989520578F3100DDEB68 /* Build configuration list for PBXNativeTarget "Goal Posting" */;
			buildPhases = (
				0991987C20578F3100DDEB68 /* Sources */,
				0991987D20578F3100DDEB68 /* Frameworks */,
				0991987E20578F3100DDEB68 /* Resources */,
			);
			buildRules = (
			);
			dependencies = (
			);
			name = "Goal Posting";
			productName = "Goal Posting";
			productReference = 0991988020578F3100DDEB68 /* Goal Posting.app */;
			productType = "com.apple.product-type.application";
		};
/* End PBXNativeTarget section */

/* Begin PBXProject section */
		0991987820578F3100DDEB68 /* Project object */ = {
			isa = PBXProject;
			attributes = {
				LastSwiftUpdateCheck = 0920;
				LastUpgradeCheck = 0920;
				ORGANIZATIONNAME = "Nathaniel Burciaga";
				TargetAttributes = {
					0991987F20578F3100DDEB68 = {
						CreatedOnToolsVersion = 9.2;
						ProvisioningStyle = Automatic;
					};
				};
			};
			buildConfigurationList = 0991987B20578F3100DDEB68 /* Build configuration list for PBXProject "Goal Posting" */;
			compatibilityVersion = "Xcode 8.0";
			developmentRegion = en;
			hasScannedForEncodings = 0;
			knownRegions = (
				en,
				Base,
			);
			mainGroup = 0991987720578F3100DDEB68;
			productRefGroup = 0991988120578F3100DDEB68 /* Products */;
			projectDirPath = "";
			projectRoot = "";
			targets = (
				0991987F20578F3100DDEB68 /* Goal Posting */,
			);
		};
/* End PBXProject section */

/* Begin PBXResourcesBuildPhase section */
		0991987E20578F3100DDEB68 /* Resources */ = {
			isa = PBXResourcesBuildPhase;
			buildActionMask = 2147483647;
			files = (
				0991989120578F3100DDEB68 /* LaunchScreen.storyboard in Resources */,
				0991988E20578F3100DDEB68 /* Assets.xcassets in Resources */,
				0991988920578F3100DDEB68 /* Main.storyboard in Resources */,
			);
			runOnlyForDeploymentPostprocessing = 0;
		};
/* End PBXResourcesBuildPhase section */

/* Begin PBXSourcesBuildPhase section */
		0991987C20578F3100DDEB68 /* Sources */ = {
			isa = PBXSourcesBuildPhase;
			buildActionMask = 2147483647;
			files = (
				09695051205A2D4600ACC9D8 /* GoalCell.swift in Sources */,
				09695053205C671900ACC9D8 /* GoalType.swift in Sources */,
				0991988620578F3100DDEB68 /* GoalsVC.swift in Sources */,
				0991988420578F3100DDEB68 /* AppDelegate.swift in Sources */,
				0991988C20578F3100DDEB68 /* Goal_Posting.xcdatamodeld in Sources */,
			);
			runOnlyForDeploymentPostprocessing = 0;
		};
/* End PBXSourcesBuildPhase section */

/* Begin PBXVariantGroup section */
		0991988720578F3100DDEB68 /* Main.storyboard */ = {
			isa = PBXVariantGroup;
			children = (
				0991988820578F3100DDEB68 /* Base */,
			);
			name = Main.storyboard;
			sourceTree = "<group>";
		};
		0991988F20578F3100DDEB68 /* LaunchScreen.storyboard */ = {
			isa = PBXVariantGroup;
			children = (
				0991989020578F3100DDEB68 /* Base */,
			);
			name = LaunchScreen.storyboard;
			sourceTree = "<group>";
		};
/* End PBXVariantGroup section */

/* Begin XCBuildConfiguration section */
		0991989320578F3100DDEB68 /* Debug */ = {
			isa = XCBuildConfiguration;
			buildSettings = {
				ALWAYS_SEARCH_USER_PATHS = NO;
				CLANG_ANALYZER_NONNULL = YES;
				CLANG_ANALYZER_NUMBER_OBJECT_CONVERSION = YES_AGGRESSIVE;
				CLANG_CXX_LANGUAGE_STANDARD = "gnu++14";
				CLANG_CXX_LIBRARY = "libc++";
				CLANG_ENABLE_MODULES = YES;
				CLANG_ENABLE_OBJC_ARC = YES;
				CLANG_WARN_BLOCK_CAPTURE_AUTORELEASING = YES;
				CLANG_WARN_BOOL_CONVERSION = YES;
				CLANG_WARN_COMMA = YES;
				CLANG_WARN_CONSTANT_CONVERSION = YES;
				CLANG_WARN_DIRECT_OBJC_ISA_USAGE = YES_ERROR;
				CLANG_WARN_DOCUMENTATION_COMMENTS = YES;
				CLANG_WARN_EMPTY_BODY = YES;
				CLANG_WARN_ENUM_CONVERSION = YES;
				CLANG_WARN_INFINITE_RECURSION = YES;
				CLANG_WARN_INT_CONVERSION = YES;
				CLANG_WARN_NON_LITERAL_NULL_CONVERSION = YES;
				CLANG_WARN_OBJC_LITERAL_CONVERSION = YES;
				CLANG_WARN_OBJC_ROOT_CLASS = YES_ERROR;
				CLANG_WARN_RANGE_LOOP_ANALYSIS = YES;
				CLANG_WARN_STRICT_PROTOTYPES = YES;
				CLANG_WARN_SUSPICIOUS_MOVE = YES;
				CLANG_WARN_UNGUARDED_AVAILABILITY = YES_AGGRESSIVE;
				CLANG_WARN_UNREACHABLE_CODE = YES;
				CLANG_WARN__DUPLICATE_METHOD_MATCH = YES;
				CODE_SIGN_IDENTITY = "iPhone Developer";
				COPY_PHASE_STRIP = NO;
				DEBUG_INFORMATION_FORMAT = dwarf;
				ENABLE_STRICT_OBJC_MSGSEND = YES;
				ENABLE_TESTABILITY = YES;
				GCC_C_LANGUAGE_STANDARD = gnu11;
				GCC_DYNAMIC_NO_PIC = NO;
				GCC_NO_COMMON_BLOCKS = YES;
				GCC_OPTIMIZATION_LEVEL = 0;
				GCC_PREPROCESSOR_DEFINITIONS = (
					"DEBUG=1",
					"$(inherited)",
				);
				GCC_WARN_64_TO_32_BIT_CONVERSION = YES;
				GCC_WARN_ABOUT_RETURN_TYPE = YES_ERROR;
				GCC_WARN_UNDECLARED_SELECTOR = YES;
				GCC_WARN_UNINITIALIZED_AUTOS = YES_AGGRESSIVE;
				GCC_WARN_UNUSED_FUNCTION = YES;
				GCC_WARN_UNUSED_VARIABLE = YES;
				IPHONEOS_DEPLOYMENT_TARGET = 11.2;
				MTL_ENABLE_DEBUG_INFO = YES;
				ONLY_ACTIVE_ARCH = YES;
				SDKROOT = iphoneos;
				SWIFT_ACTIVE_COMPILATION_CONDITIONS = DEBUG;
				SWIFT_OPTIMIZATION_LEVEL = "-Onone";
			};
			name = Debug;
		};
		0991989420578F3100DDEB68 /* Release */ = {
			isa = XCBuildConfiguration;
			buildSettings = {
				ALWAYS_SEARCH_USER_PATHS = NO;
				CLANG_ANALYZER_NONNULL = YES;
				CLANG_ANALYZER_NUMBER_OBJECT_CONVERSION = YES_AGGRESSIVE;
				CLANG_CXX_LANGUAGE_STANDARD = "gnu++14";
				CLANG_CXX_LIBRARY = "libc++";
				CLANG_ENABLE_MODULES = YES;
				CLANG_ENABLE_OBJC_ARC = YES;
				CLANG_WARN_BLOCK_CAPTURE_AUTORELEASING = YES;
				CLANG_WARN_BOOL_CONVERSION = YES;
				CLANG_WARN_COMMA = YES;
				CLANG_WARN_CONSTANT_CONVERSION = YES;
				CLANG_WARN_DIRECT_OBJC_ISA_USAGE = YES_ERROR;
				CLANG_WARN_DOCUMENTATION_COMMENTS = YES;
				CLANG_WARN_EMPTY_BODY = YES;
				CLANG_WARN_ENUM_CONVERSION = YES;
				CLANG_WARN_INFINITE_RECURSION = YES;
				CLANG_WARN_INT_CONVERSION = YES;
				CLANG_WARN_NON_LITERAL_NULL_CONVERSION = YES;
				CLANG_WARN_OBJC_LITERAL_CONVERSION = YES;
				CLANG_WARN_OBJC_ROOT_CLASS = YES_ERROR;
				CLANG_WARN_RANGE_LOOP_ANALYSIS = YES;
				CLANG_WARN_STRICT_PROTOTYPES = YES;
				CLANG_WARN_SUSPICIOUS_MOVE = YES;
				CLANG_WARN_UNGUARDED_AVAILABILITY = YES_AGGRESSIVE;
				CLANG_WARN_UNREACHABLE_CODE = YES;
				CLANG_WARN__DUPLICATE_METHOD_MATCH = YES;
				CODE_SIGN_IDENTITY = "iPhone Developer";
				COPY_PHASE_STRIP = NO;
				DEBUG_INFORMATION_FORMAT = "dwarf-with-dsym";
				ENABLE_NS_ASSERTIONS = NO;
				ENABLE_STRICT_OBJC_MSGSEND = YES;
				GCC_C_LANGUAGE_STANDARD = gnu11;
				GCC_NO_COMMON_BLOCKS = YES;
				GCC_WARN_64_TO_32_BIT_CONVERSION = YES;
				GCC_WARN_ABOUT_RETURN_TYPE = YES_ERROR;
				GCC_WARN_UNDECLARED_SELECTOR = YES;
				GCC_WARN_UNINITIALIZED_AUTOS = YES_AGGRESSIVE;
				GCC_WARN_UNUSED_FUNCTION = YES;
				GCC_WARN_UNUSED_VARIABLE = YES;
				IPHONEOS_DEPLOYMENT_TARGET = 11.2;
				MTL_ENABLE_DEBUG_INFO = NO;
				SDKROOT = iphoneos;
				SWIFT_OPTIMIZATION_LEVEL = "-Owholemodule";
				VALIDATE_PRODUCT = YES;
			};
			name = Release;
		};
		0991989620578F3100DDEB68 /* Debug */ = {
			isa = XCBuildConfiguration;
			buildSettings = {
				ASSETCATALOG_COMPILER_APPICON_NAME = AppIcon;
				CODE_SIGN_STYLE = Automatic;
				DEVELOPMENT_TEAM = 8T79JY7T2V;
				INFOPLIST_FILE = "Goal Posting/Info.plist";
				LD_RUNPATH_SEARCH_PATHS = "$(inherited) @executable_path/Frameworks";
				PRODUCT_BUNDLE_IDENTIFIER = "NWBDev.Goal-Posting";
				PRODUCT_NAME = "$(TARGET_NAME)";
				SWIFT_VERSION = 4.0;
				TARGETED_DEVICE_FAMILY = "1,2";
			};
			name = Debug;
		};
		0991989720578F3100DDEB68 /* Release */ = {
			isa = XCBuildConfiguration;
			buildSettings = {
				ASSETCATALOG_COMPILER_APPICON_NAME = AppIcon;
				CODE_SIGN_STYLE = Automatic;
				DEVELOPMENT_TEAM = 8T79JY7T2V;
				INFOPLIST_FILE = "Goal Posting/Info.plist";
				LD_RUNPATH_SEARCH_PATHS = "$(inherited) @executable_path/Frameworks";
				PRODUCT_BUNDLE_IDENTIFIER = "NWBDev.Goal-Posting";
				PRODUCT_NAME = "$(TARGET_NAME)";
				SWIFT_VERSION = 4.0;
				TARGETED_DEVICE_FAMILY = "1,2";
			};
			name = Release;
		};
/* End XCBuildConfiguration section */

/* Begin XCConfigurationList section */
		0991987B20578F3100DDEB68 /* Build configuration list for PBXProject "Goal Posting" */ = {
			isa = XCConfigurationList;
			buildConfigurations = (
				0991989320578F3100DDEB68 /* Debug */,
				0991989420578F3100DDEB68 /* Release */,
			);
			defaultConfigurationIsVisible = 0;
			defaultConfigurationName = Release;
		};
		0991989520578F3100DDEB68 /* Build configuration list for PBXNativeTarget "Goal Posting" */ = {
			isa = XCConfigurationList;
			buildConfigurations = (
				0991989620578F3100DDEB68 /* Debug */,
				0991989720578F3100DDEB68 /* Release */,
			);
			defaultConfigurationIsVisible = 0;
			defaultConfigurationName = Release;
		};
/* End XCConfigurationList section */

/* Begin XCVersionGroup section */
		0991988A20578F3100DDEB68 /* Goal_Posting.xcdatamodeld */ = {
			isa = XCVersionGroup;
			children = (
				0991988B20578F3100DDEB68 /* Goal_Posting.xcdatamodel */,
			);
			currentVersion = 0991988B20578F3100DDEB68 /* Goal_Posting.xcdatamodel */;
			path = Goal_Posting.xcdatamodeld;
			sourceTree = "<group>";
			versionGroupType = wrapper.xcdatamodel;
		};
/* End XCVersionGroup section */
	};
	rootObject = 0991987820578F3100DDEB68 /* Project object */;
}
